
Microsoft Visual Studio Solution File, Format Version 12.00
# Visual Studio Version 16
VisualStudioVersion = 16.0.30503.244
MinimumVisualStudioVersion = 10.0.40219.1
Project("{F184B08F-C81C-45F6-A57F-5ABD9991F28F}") = "Aefnet Login System", "Aefnet Login System\Aefnet Login System.vbproj", "{F6F53F1F-CC58-4635-996F-FA2C2041DF53}"
EndProject
Project("{F184B08F-C81C-45F6-A57F-5ABD9991F28F}") = "DataCenter", "DataCenter\DataCenter.vbproj", "{539776B2-3EE4-4D8E-B85C-9110D9ED2E4C}"
EndProject
Project("{F184B08F-C81C-45F6-A57F-5ABD9991F28F}") = "UserModel", "UserModel\UserModel.vbproj", "{8A8F3D7A-2590-40DC-BB6E-15B500F1801C}"
EndProject
Global
	GlobalSection(SolutionConfigurationPlatforms) = preSolution
		Debug|Any CPU = Debug|Any CPU
		Release|Any CPU = Release|Any CPU
	EndGlobalSection
	GlobalSection(ProjectConfigurationPlatforms) = postSolution
		{F6F53F1F-CC58-4635-996F-FA2C2041DF53}.Debug|Any CPU.ActiveCfg = Debug|Any CPU
		{F6F53F1F-CC58-4635-996F-FA2C2041DF53}.Debug|Any CPU.Build.0 = Debug|Any CPU
		{F6F53F1F-CC58-4635-996F-FA2C2041DF53}.Release|Any CPU.ActiveCfg = Release|Any CPU
		{F6F53F1F-CC58-4635-996F-FA2C2041DF53}.Release|Any CPU.Build.0 = Release|Any CPU
		{539776B2-3EE4-4D8E-B85C-9110D9ED2E4C}.Debug|Any CPU.ActiveCfg = Debug|Any CPU
		{539776B2-3EE4-4D8E-B85C-9110D9ED2E4C}.Debug|Any CPU.Build.0 = Debug|Any CPU
		{539776B2-3EE4-4D8E-B85C-9110D9ED2E4C}.Release|Any CPU.ActiveCfg = Release|Any CPU
		{539776B2-3EE4-4D8E-B85C-9110D9ED2E4C}.Release|Any CPU.Build.0 = Release|Any CPU
		{8A8F3D7A-2590-40DC-BB6E-15B500F1801C}.Debug|Any CPU.ActiveCfg = Debug|Any CPU
		{8A8F3D7A-2590-40DC-BB6E-15B500F1801C}.Debug|Any CPU.Build.0 = Debug|Any CPU
		{8A8F3D7A-2590-40DC-BB6E-15B500F1801C}.Release|Any CPU.ActiveCfg = Release|Any CPU
		{8A8F3D7A-2590-40DC-BB6E-15B500F1801C}.Release|Any CPU.Build.0 = Release|Any CPU
	EndGlobalSection
	GlobalSection(SolutionProperties) = preSolution
		HideSolutionNode = FALSE
	EndGlobalSection
	GlobalSection(ExtensibilityGlobals) = postSolution
		SolutionGuid = {6C283734-1AE8-4003-A885-34809E8B5A88}
	EndGlobalSection
EndGlobal
